
Microsoft Visual Studio Solution File, Format Version 12.00
# Visual Studio 15
VisualStudioVersion = 15.0.28307.852
MinimumVisualStudioVersion = 10.0.40219.1
Project("{FAE04EC0-301F-11D3-BF4B-00C04F79EFBC}") = "GeneticMusic", "GeneticMusic\GeneticMusic.csproj", "{CF27F353-34CE-467B-91BC-D5D9AC86F9ED}"
EndProject
Global
	GlobalSection(SolutionConfigurationPlatforms) = preSolution
		Debug|Any CPU = Debug|Any CPU
		Release|Any CPU = Release|Any CPU
	EndGlobalSection
	GlobalSection(ProjectConfigurationPlatforms) = postSolution
		{CF27F353-34CE-467B-91BC-D5D9AC86F9ED}.Debug|Any CPU.ActiveCfg = Debug|Any CPU
		{CF27F353-34CE-467B-91BC-D5D9AC86F9ED}.Debug|Any CPU.Build.0 = Debug|Any CPU
		{CF27F353-34CE-467B-91BC-D5D9AC86F9ED}.Release|Any CPU.ActiveCfg = Release|Any CPU
		{CF27F353-34CE-467B-91BC-D5D9AC86F9ED}.Release|Any CPU.Build.0 = Release|Any CPU
	EndGlobalSection
	GlobalSection(SolutionProperties) = preSolution
		HideSolutionNode = FALSE
	EndGlobalSection
	GlobalSection(ExtensibilityGlobals) = postSolution
		SolutionGuid = {5084BC50-152A-4C3D-A66A-FB964ADB7180}
	EndGlobalSection
EndGlobal
